
Microsoft Visual Studio Solution File, Format Version 12.00
# Visual Studio Version 17
VisualStudioVersion = 17.0.31903.59
MinimumVisualStudioVersion = 10.0.40219.1
Project("{FAE04EC0-301F-11D3-BF4B-00C04F79EFBC}") = "Backend", "Backend\Backend.csproj", "{2669E238-A50F-4245-A215-53C7B36DB864}"
EndProject
Project("{FAE04EC0-301F-11D3-BF4B-00C04F79EFBC}") = "Backend.tests", "Backend.tests\Backend.tests.csproj", "{89886AC4-6D75-444D-BB55-8D203533BB52}"
EndProject
Global
	GlobalSection(SolutionConfigurationPlatforms) = preSolution
		Debug|Any CPU = Debug|Any CPU
		Release|Any CPU = Release|Any CPU
	EndGlobalSection
	GlobalSection(SolutionProperties) = preSolution
		HideSolutionNode = FALSE
	EndGlobalSection
	GlobalSection(ProjectConfigurationPlatforms) = postSolution
		{2669E238-A50F-4245-A215-53C7B36DB864}.Debug|Any CPU.ActiveCfg = Debug|Any CPU
		{2669E238-A50F-4245-A215-53C7B36DB864}.Debug|Any CPU.Build.0 = Debug|Any CPU
		{2669E238-A50F-4245-A215-53C7B36DB864}.Release|Any CPU.ActiveCfg = Release|Any CPU
		{2669E238-A50F-4245-A215-53C7B36DB864}.Release|Any CPU.Build.0 = Release|Any CPU
		{89886AC4-6D75-444D-BB55-8D203533BB52}.Debug|Any CPU.ActiveCfg = Debug|Any CPU
		{89886AC4-6D75-444D-BB55-8D203533BB52}.Debug|Any CPU.Build.0 = Debug|Any CPU
		{89886AC4-6D75-444D-BB55-8D203533BB52}.Release|Any CPU.ActiveCfg = Release|Any CPU
		{89886AC4-6D75-444D-BB55-8D203533BB52}.Release|Any CPU.Build.0 = Release|Any CPU
	EndGlobalSection
EndGlobal
